// !$*UTF8*$!
{
	archiveVersion = 1;
	classes = {
	};
	objectVersion = 45;
	objects = {

/* Begin PBXBuildFile section */
		1D3623260D0F684500981E51 /* UITableTestAppDelegate.m in Sources */ = {isa = PBXBuildFile; fileRef = 1D3623250D0F684500981E51 /* UITableTestAppDelegate.m */; };
		1D60589B0D05DD56006BFB54 /* main.m in Sources */ = {isa = PBXBuildFile; fileRef = 29B97316FDCFA39411CA2CEA /* main.m */; };
		1D60589F0D05DD5A006BFB54 /* Foundation.framework in Frameworks */ = {isa = PBXBuildFile; fileRef = 1D30AB110D05D00D00671497 /* Foundation.framework */; };
		1DF5F4E00D08C38300B7A737 /* UIKit.framework in Frameworks */ = {isa = PBXBuildFile; fileRef = 1DF5F4DF0D08C38300B7A737 /* UIKit.framework */; };
		288765A50DF7441C002DB57D /* CoreGraphics.framework in Frameworks */ = {isa = PBXBuildFile; fileRef = 288765A40DF7441C002DB57D /* CoreGraphics.framework */; };
		2899E5220DE3E06400AC0155 /* UITableTestViewController.xib in Resources */ = {isa = PBXBuildFile; fileRef = 2899E5210DE3E06400AC0155 /* UITableTestViewController.xib */; };
		28AD733F0D9D9553002E5188 /* MainWindow.xib in Resources */ = {isa = PBXBuildFile; fileRef = 28AD733E0D9D9553002E5188 /* MainWindow.xib */; };
		DAE8754C11DA91EB003C2721 /* UITableTestMasterViewController.m in Sources */ = {isa = PBXBuildFile; fileRef = DAE8754B11DA91EB003C2721 /* UITableTestMasterViewController.m */; };
		DAE8796211DBDCDB003C2721 /* Arrow.m in Sources */ = {isa = PBXBuildFile; fileRef = DAE8796111DBDCDB003C2721 /* Arrow.m */; };
		DAE8799D11DCD91E003C2721 /* LogoView.m in Sources */ = {isa = PBXBuildFile; fileRef = DAE8799C11DCD91E003C2721 /* LogoView.m */; };
		DAE879C511DCDE0C003C2721 /* LocationViewController.m in Sources */ = {isa = PBXBuildFile; fileRef = DAE879C411DCDE0C003C2721 /* LocationViewController.m */; };
		DAE879D011DCDFF0003C2721 /* LocationCell.m in Sources */ = {isa = PBXBuildFile; fileRef = DAE879CF11DCDFF0003C2721 /* LocationCell.m */; };
		DAE879D311DCE004003C2721 /* LocationCellView.m in Sources */ = {isa = PBXBuildFile; fileRef = DAE879D211DCE004003C2721 /* LocationCellView.m */; };
		DAE87AC011DCF17F003C2721 /* RoomCell.m in Sources */ = {isa = PBXBuildFile; fileRef = DAE87ABB11DCF17F003C2721 /* RoomCell.m */; };
		DAE87AC111DCF17F003C2721 /* RoomCellView.m in Sources */ = {isa = PBXBuildFile; fileRef = DAE87ABD11DCF17F003C2721 /* RoomCellView.m */; };
		DAE87AC211DCF17F003C2721 /* RoomViewController.m in Sources */ = {isa = PBXBuildFile; fileRef = DAE87ABF11DCF17F003C2721 /* RoomViewController.m */; };
		DAE87B4111DD0DEE003C2721 /* tin_can_phone.jpg in Resources */ = {isa = PBXBuildFile; fileRef = DAE87B4011DD0DEE003C2721 /* tin_can_phone.jpg */; };
		DAE87DBC11DE7A43003C2721 /* HeaderView.m in Sources */ = {isa = PBXBuildFile; fileRef = DAE87DBB11DE7A43003C2721 /* HeaderView.m */; };
/* End PBXBuildFile section */

/* Begin PBXFileReference section */
		1D30AB110D05D00D00671497 /* Foundation.framework */ = {isa = PBXFileReference; lastKnownFileType = wrapper.framework; name = Foundation.framework; path = System/Library/Frameworks/Foundation.framework; sourceTree = SDKROOT; };
		1D3623240D0F684500981E51 /* UITableTestAppDelegate.h */ = {isa = PBXFileReference; fileEncoding = 4; lastKnownFileType = sourcecode.c.h; path = UITableTestAppDelegate.h; sourceTree = "<group>"; };
		1D3623250D0F684500981E51 /* UITableTestAppDelegate.m */ = {isa = PBXFileReference; fileEncoding = 4; lastKnownFileType = sourcecode.c.objc; path = UITableTestAppDelegate.m; sourceTree = "<group>"; };
		1D6058910D05DD3D006BFB54 /* UITableTest.app */ = {isa = PBXFileReference; explicitFileType = wrapper.application; includeInIndex = 0; path = UITableTest.app; sourceTree = BUILT_PRODUCTS_DIR; };
		1DF5F4DF0D08C38300B7A737 /* UIKit.framework */ = {isa = PBXFileReference; lastKnownFileType = wrapper.framework; name = UIKit.framework; path = System/Library/Frameworks/UIKit.framework; sourceTree = SDKROOT; };
		288765A40DF7441C002DB57D /* CoreGraphics.framework */ = {isa = PBXFileReference; lastKnownFileType = wrapper.framework; name = CoreGraphics.framework; path = System/Library/Frameworks/CoreGraphics.framework; sourceTree = SDKROOT; };
		2899E5210DE3E06400AC0155 /* UITableTestViewController.xib */ = {isa = PBXFileReference; lastKnownFileType = file.xib; path = UITableTestViewController.xib; sourceTree = "<group>"; };
		28AD733E0D9D9553002E5188 /* MainWindow.xib */ = {isa = PBXFileReference; lastKnownFileType = file.xib; path = MainWindow.xib; sourceTree = "<group>"; };
		29B97316FDCFA39411CA2CEA /* main.m */ = {isa = PBXFileReference; fileEncoding = 4; lastKnownFileType = sourcecode.c.objc; path = main.m; sourceTree = "<group>"; };
		32CA4F630368D1EE00C91783 /* UITableTest_Prefix.pch */ = {isa = PBXFileReference; fileEncoding = 4; lastKnownFileType = sourcecode.c.h; path = UITableTest_Prefix.pch; sourceTree = "<group>"; };
		8D1107310486CEB800E47090 /* UITableTest-Info.plist */ = {isa = PBXFileReference; fileEncoding = 4; lastKnownFileType = text.plist.xml; path = "UITableTest-Info.plist"; plistStructureDefinitionIdentifier = "com.apple.xcode.plist.structure-definition.iphone.info-plist"; sourceTree = "<group>"; };
		DAE8754A11DA91EB003C2721 /* UITableTestMasterViewController.h */ = {isa = PBXFileReference; fileEncoding = 4; lastKnownFileType = sourcecode.c.h; path = UITableTestMasterViewController.h; sourceTree = "<group>"; };
		DAE8754B11DA91EB003C2721 /* UITableTestMasterViewController.m */ = {isa = PBXFileReference; fileEncoding = 4; lastKnownFileType = sourcecode.c.objc; path = UITableTestMasterViewController.m; sourceTree = "<group>"; };
		DAE8796011DBDCDB003C2721 /* Arrow.h */ = {isa = PBXFileReference; fileEncoding = 4; lastKnownFileType = sourcecode.c.h; path = Arrow.h; sourceTree = "<group>"; };
		DAE8796111DBDCDB003C2721 /* Arrow.m */ = {isa = PBXFileReference; fileEncoding = 4; lastKnownFileType = sourcecode.c.objc; path = Arrow.m; sourceTree = "<group>"; };
		DAE8798D11DCD8ED003C2721 /* LogoView.h */ = {isa = PBXFileReference; fileEncoding = 4; lastKnownFileType = sourcecode.c.h; path = LogoView.h; sourceTree = "<group>"; };
		DAE8799C11DCD91E003C2721 /* LogoView.m */ = {isa = PBXFileReference; fileEncoding = 4; lastKnownFileType = sourcecode.c.objc; path = LogoView.m; sourceTree = "<group>"; };
		DAE879C411DCDE0C003C2721 /* LocationViewController.m */ = {isa = PBXFileReference; fileEncoding = 4; lastKnownFileType = sourcecode.c.objc; path = LocationViewController.m; sourceTree = "<group>"; };
		DAE879C611DCDE13003C2721 /* LocationViewController.h */ = {isa = PBXFileReference; fileEncoding = 4; lastKnownFileType = sourcecode.c.h; path = LocationViewController.h; sourceTree = "<group>"; };
		DAE879CE11DCDFE7003C2721 /* LocationCell.h */ = {isa = PBXFileReference; fileEncoding = 4; lastKnownFileType = sourcecode.c.h; path = LocationCell.h; sourceTree = "<group>"; };
		DAE879CF11DCDFF0003C2721 /* LocationCell.m */ = {isa = PBXFileReference; fileEncoding = 4; lastKnownFileType = sourcecode.c.objc; path = LocationCell.m; sourceTree = "<group>"; };
		DAE879D111DCDFFD003C2721 /* LocationCellView.h */ = {isa = PBXFileReference; fileEncoding = 4; lastKnownFileType = sourcecode.c.h; path = LocationCellView.h; sourceTree = "<group>"; };
		DAE879D211DCE004003C2721 /* LocationCellView.m */ = {isa = PBXFileReference; fileEncoding = 4; lastKnownFileType = sourcecode.c.objc; path = LocationCellView.m; sourceTree = "<group>"; };
		DAE87ABA11DCF16D003C2721 /* RoomCell.h */ = {isa = PBXFileReference; fileEncoding = 4; lastKnownFileType = sourcecode.c.h; path = RoomCell.h; sourceTree = "<group>"; };
		DAE87ABB11DCF17F003C2721 /* RoomCell.m */ = {isa = PBXFileReference; fileEncoding = 4; lastKnownFileType = sourcecode.c.objc; path = RoomCell.m; sourceTree = "<group>"; };
		DAE87ABC11DCF17F003C2721 /* RoomCellView.h */ = {isa = PBXFileReference; fileEncoding = 4; lastKnownFileType = sourcecode.c.h; path = RoomCellView.h; sourceTree = "<group>"; };
		DAE87ABD11DCF17F003C2721 /* RoomCellView.m */ = {isa = PBXFileReference; fileEncoding = 4; lastKnownFileType = sourcecode.c.objc; path = RoomCellView.m; sourceTree = "<group>"; };
		DAE87ABE11DCF17F003C2721 /* RoomViewController.h */ = {isa = PBXFileReference; fileEncoding = 4; lastKnownFileType = sourcecode.c.h; path = RoomViewController.h; sourceTree = "<group>"; };
		DAE87ABF11DCF17F003C2721 /* RoomViewController.m */ = {isa = PBXFileReference; fileEncoding = 4; lastKnownFileType = sourcecode.c.objc; path = RoomViewController.m; sourceTree = "<group>"; };
		DAE87B4011DD0DEE003C2721 /* tin_can_phone.jpg */ = {isa = PBXFileReference; lastKnownFileType = image.jpeg; path = tin_can_phone.jpg; sourceTree = "<group>"; };
		DAE87DBA11DE7A43003C2721 /* HeaderView.h */ = {isa = PBXFileReference; fileEncoding = 4; lastKnownFileType = sourcecode.c.h; path = HeaderView.h; sourceTree = "<group>"; };
		DAE87DBB11DE7A43003C2721 /* HeaderView.m */ = {isa = PBXFileReference; fileEncoding = 4; lastKnownFileType = sourcecode.c.objc; path = HeaderView.m; sourceTree = "<group>"; };
/* End PBXFileReference section */

/* Begin PBXFrameworksBuildPhase section */
		1D60588F0D05DD3D006BFB54 /* Frameworks */ = {
			isa = PBXFrameworksBuildPhase;
			buildActionMask = 2147483647;
			files = (
				1D60589F0D05DD5A006BFB54 /* Foundation.framework in Frameworks */,
				1DF5F4E00D08C38300B7A737 /* UIKit.framework in Frameworks */,
				288765A50DF7441C002DB57D /* CoreGraphics.framework in Frameworks */,
			);
			runOnlyForDeploymentPostprocessing = 0;
		};
/* End PBXFrameworksBuildPhase section */

/* Begin PBXGroup section */
		080E96DDFE201D6D7F000001 /* Classes */ = {
			isa = PBXGroup;
			children = (
				DAE8754A11DA91EB003C2721 /* UITableTestMasterViewController.h */,
				DAE8754B11DA91EB003C2721 /* UITableTestMasterViewController.m */,
				1D3623240D0F684500981E51 /* UITableTestAppDelegate.h */,
				1D3623250D0F684500981E51 /* UITableTestAppDelegate.m */,
				DAE879C611DCDE13003C2721 /* LocationViewController.h */,
				DAE879C411DCDE0C003C2721 /* LocationViewController.m */,
				DAE879CE11DCDFE7003C2721 /* LocationCell.h */,
				DAE879CF11DCDFF0003C2721 /* LocationCell.m */,
				DAE879D111DCDFFD003C2721 /* LocationCellView.h */,
				DAE879D211DCE004003C2721 /* LocationCellView.m */,
				DAE8798D11DCD8ED003C2721 /* LogoView.h */,
				DAE8799C11DCD91E003C2721 /* LogoView.m */,
				DAE8796011DBDCDB003C2721 /* Arrow.h */,
				DAE8796111DBDCDB003C2721 /* Arrow.m */,
				DAE87B4011DD0DEE003C2721 /* tin_can_phone.jpg */,
				DAE87ABA11DCF16D003C2721 /* RoomCell.h */,
				DAE87ABB11DCF17F003C2721 /* RoomCell.m */,
				DAE87ABC11DCF17F003C2721 /* RoomCellView.h */,
				DAE87ABD11DCF17F003C2721 /* RoomCellView.m */,
				DAE87DBA11DE7A43003C2721 /* HeaderView.h */,
				DAE87DBB11DE7A43003C2721 /* HeaderView.m */,
				DAE87ABE11DCF17F003C2721 /* RoomViewController.h */,
				DAE87ABF11DCF17F003C2721 /* RoomViewController.m */,
				29B97315FDCFA39411CA2CEA /* Other Sources */,
			);
			path = Classes;
			sourceTree = "<group>";
		};
		19C28FACFE9D520D11CA2CBB /* Products */ = {
			isa = PBXGroup;
			children = (
				1D6058910D05DD3D006BFB54 /* UITableTest.app */,
			);
			name = Products;
			sourceTree = "<group>";
		};
		29B97314FDCFA39411CA2CEA /* CustomTemplate */ = {
			isa = PBXGroup;
			children = (
				080E96DDFE201D6D7F000001 /* Classes */,
				29B97317FDCFA39411CA2CEA /* Resources */,
				29B97323FDCFA39411CA2CEA /* Frameworks */,
				19C28FACFE9D520D11CA2CBB /* Products */,
			);
			name = CustomTemplate;
			sourceTree = "<group>";
		};
		29B97315FDCFA39411CA2CEA /* Other Sources */ = {
			isa = PBXGroup;
			children = (
				32CA4F630368D1EE00C91783 /* UITableTest_Prefix.pch */,
				29B97316FDCFA39411CA2CEA /* main.m */,
			);
			name = "Other Sources";
			path = ..;
			sourceTree = "<group>";
		};
		29B97317FDCFA39411CA2CEA /* Resources */ = {
			isa = PBXGroup;
			children = (
				2899E5210DE3E06400AC0155 /* UITableTestViewController.xib */,
				28AD733E0D9D9553002E5188 /* MainWindow.xib */,
				8D1107310486CEB800E47090 /* UITableTest-Info.plist */,
			);
			name = Resources;
			sourceTree = "<group>";
		};
		29B97323FDCFA39411CA2CEA /* Frameworks */ = {
			isa = PBXGroup;
			children = (
				1DF5F4DF0D08C38300B7A737 /* UIKit.framework */,
				1D30AB110D05D00D00671497 /* Foundation.framework */,
				288765A40DF7441C002DB57D /* CoreGraphics.framework */,
			);
			name = Frameworks;
			sourceTree = "<group>";
		};
/* End PBXGroup section */

/* Begin PBXNativeTarget section */
		1D6058900D05DD3D006BFB54 /* UITableTest */ = {
			isa = PBXNativeTarget;
			buildConfigurationList = 1D6058960D05DD3E006BFB54 /* Build configuration list for PBXNativeTarget "UITableTest" */;
			buildPhases = (
				1D60588D0D05DD3D006BFB54 /* Resources */,
				1D60588E0D05DD3D006BFB54 /* Sources */,
				1D60588F0D05DD3D006BFB54 /* Frameworks */,
			);
			buildRules = (
			);
			dependencies = (
			);
			name = UITableTest;
			productName = UITableTest;
			productReference = 1D6058910D05DD3D006BFB54 /* UITableTest.app */;
			productType = "com.apple.product-type.application";
		};
/* End PBXNativeTarget section */

/* Begin PBXProject section */
		29B97313FDCFA39411CA2CEA /* Project object */ = {
			isa = PBXProject;
			buildConfigurationList = C01FCF4E08A954540054247B /* Build configuration list for PBXProject "UITableTest" */;
			compatibilityVersion = "Xcode 3.1";
			hasScannedForEncodings = 1;
			mainGroup = 29B97314FDCFA39411CA2CEA /* CustomTemplate */;
			projectDirPath = "";
			projectRoot = "";
			targets = (
				1D6058900D05DD3D006BFB54 /* UITableTest */,
			);
		};
/* End PBXProject section */

/* Begin PBXResourcesBuildPhase section */
		1D60588D0D05DD3D006BFB54 /* Resources */ = {
			isa = PBXResourcesBuildPhase;
			buildActionMask = 2147483647;
			files = (
				28AD733F0D9D9553002E5188 /* MainWindow.xib in Resources */,
				2899E5220DE3E06400AC0155 /* UITableTestViewController.xib in Resources */,
				DAE87B4111DD0DEE003C2721 /* tin_can_phone.jpg in Resources */,
			);
			runOnlyForDeploymentPostprocessing = 0;
		};
/* End PBXResourcesBuildPhase section */

/* Begin PBXSourcesBuildPhase section */
		1D60588E0D05DD3D006BFB54 /* Sources */ = {
			isa = PBXSourcesBuildPhase;
			buildActionMask = 2147483647;
			files = (
				1D60589B0D05DD56006BFB54 /* main.m in Sources */,
				1D3623260D0F684500981E51 /* UITableTestAppDelegate.m in Sources */,
				DAE8754C11DA91EB003C2721 /* UITableTestMasterViewController.m in Sources */,
				DAE8796211DBDCDB003C2721 /* Arrow.m in Sources */,
				DAE8799D11DCD91E003C2721 /* LogoView.m in Sources */,
				DAE879C511DCDE0C003C2721 /* LocationViewController.m in Sources */,
				DAE879D011DCDFF0003C2721 /* LocationCell.m in Sources */,
				DAE879D311DCE004003C2721 /* LocationCellView.m in Sources */,
				DAE87AC011DCF17F003C2721 /* RoomCell.m in Sources */,
				DAE87AC111DCF17F003C2721 /* RoomCellView.m in Sources */,
				DAE87AC211DCF17F003C2721 /* RoomViewController.m in Sources */,
				DAE87DBC11DE7A43003C2721 /* HeaderView.m in Sources */,
			);
			runOnlyForDeploymentPostprocessing = 0;
		};
/* End PBXSourcesBuildPhase section */

/* Begin XCBuildConfiguration section */
		1D6058940D05DD3E006BFB54 /* Debug */ = {
			isa = XCBuildConfiguration;
			buildSettings = {
				ALWAYS_SEARCH_USER_PATHS = NO;
				COPY_PHASE_STRIP = NO;
				GCC_DYNAMIC_NO_PIC = NO;
				GCC_OPTIMIZATION_LEVEL = 0;
				GCC_PRECOMPILE_PREFIX_HEADER = YES;
				GCC_PREFIX_HEADER = UITableTest_Prefix.pch;
				INFOPLIST_FILE = "UITableTest-Info.plist";
				PRODUCT_NAME = UITableTest;
			};
			name = Debug;
		};
		1D6058950D05DD3E006BFB54 /* Release */ = {
			isa = XCBuildConfiguration;
			buildSettings = {
				ALWAYS_SEARCH_USER_PATHS = NO;
				COPY_PHASE_STRIP = YES;
				GCC_PRECOMPILE_PREFIX_HEADER = YES;
				GCC_PREFIX_HEADER = UITableTest_Prefix.pch;
				INFOPLIST_FILE = "UITableTest-Info.plist";
				PRODUCT_NAME = UITableTest;
				VALIDATE_PRODUCT = YES;
			};
			name = Release;
		};
		C01FCF4F08A954540054247B /* Debug */ = {
			isa = XCBuildConfiguration;
			buildSettings = {
				"ARCHS[sdk=iphoneos*]" = armv7;
				"ARCHS[sdk=iphonesimulator*]" = i386;
				"CODE_SIGN_IDENTITY[sdk=iphoneos*]" = "iPhone Developer";
				GCC_C_LANGUAGE_STANDARD = c99;
				GCC_WARN_ABOUT_RETURN_TYPE = YES;
				GCC_WARN_UNUSED_VARIABLE = YES;
				PREBINDING = NO;
				SDKROOT = iphoneos3.2;
				TARGETED_DEVICE_FAMILY = 2;
			};
			name = Debug;
		};
		C01FCF5008A954540054247B /* Release */ = {
			isa = XCBuildConfiguration;
			buildSettings = {
				"ARCHS[sdk=iphoneos*]" = armv7;
				"ARCHS[sdk=iphonesimulator*]" = i386;
				"CODE_SIGN_IDENTITY[sdk=iphoneos*]" = "iPhone Developer";
				GCC_C_LANGUAGE_STANDARD = c99;
				GCC_WARN_ABOUT_RETURN_TYPE = YES;
				GCC_WARN_UNUSED_VARIABLE = YES;
				OTHER_CFLAGS = "-DNS_BLOCK_ASSERTIONS=1";
				PREBINDING = NO;
				SDKROOT = iphoneos3.2;
				TARGETED_DEVICE_FAMILY = 2;
			};
			name = Release;
		};
/* End XCBuildConfiguration section */

/* Begin XCConfigurationList section */
		1D6058960D05DD3E006BFB54 /* Build configuration list for PBXNativeTarget "UITableTest" */ = {
			isa = XCConfigurationList;
			buildConfigurations = (
				1D6058940D05DD3E006BFB54 /* Debug */,
				1D6058950D05DD3E006BFB54 /* Release */,
			);
			defaultConfigurationIsVisible = 0;
			defaultConfigurationName = Release;
		};
		C01FCF4E08A954540054247B /* Build configuration list for PBXProject "UITableTest" */ = {
			isa = XCConfigurationList;
			buildConfigurations = (
				C01FCF4F08A954540054247B /* Debug */,
				C01FCF5008A954540054247B /* Release */,
			);
			defaultConfigurationIsVisible = 0;
			defaultConfigurationName = Release;
		};
/* End XCConfigurationList section */
	};
	rootObject = 29B97313FDCFA39411CA2CEA /* Project object */;
}
